
Microsoft Visual Studio Solution File, Format Version 12.00
# Visual Studio Version 17
VisualStudioVersion = 17.0.31717.71
MinimumVisualStudioVersion = 10.0.40219.1
Project("{9A19103F-16F7-4668-BE54-9A1E7A4F7556}") = "Markupolation", "src\Markupolation\Markupolation.csproj", "{DF2632D5-153A-46C5-B81C-C0B11099141C}"
EndProject
Project("{2150E333-8FDC-42A3-9474-1A3956D46DE8}") = "src", "src", "{8259CAB8-AA6E-412B-A632-5F17DAEB0761}"
EndProject
Project("{2150E333-8FDC-42A3-9474-1A3956D46DE8}") = "samples", "samples", "{FD331EA4-9F0D-4DD3-BDE0-F5A14DBFB42D}"
EndProject
Project("{2150E333-8FDC-42A3-9474-1A3956D46DE8}") = "tests", "tests", "{950F23E7-76D3-44CA-B730-4F4D0C35E32B}"
EndProject
Project("{9A19103F-16F7-4668-BE54-9A1E7A4F7556}") = "Markupolation.Tests", "tests\Markupolation.Tests\Markupolation.Tests.csproj", "{F86DE17B-2C5F-4674-8D25-FF03BDA31CF8}"
EndProject
Project("{9A19103F-16F7-4668-BE54-9A1E7A4F7556}") = "Markupolation.Benchmark", "tests\Markupolation.Benchmark\Markupolation.Benchmark.csproj", "{A2D9F6F7-726F-46F3-8943-74350B0B8B9A}"
EndProject
Project("{9A19103F-16F7-4668-BE54-9A1E7A4F7556}") = "Markupolation.Sample.Api", "samples\Markupolation.Sample.Api\Markupolation.Sample.Api.csproj", "{E052E3D6-61F7-41B3-B40D-5152E547EE1A}"
EndProject
Project("{9A19103F-16F7-4668-BE54-9A1E7A4F7556}") = "Markupolation.Sample.Functions", "samples\Markupolation.Sample.Functions\Markupolation.Sample.Functions.csproj", "{04682422-C87F-4E2A-982C-E771A6823312}"
EndProject
Project("{9A19103F-16F7-4668-BE54-9A1E7A4F7556}") = "Markupolation.Sample.Blazor", "samples\Markupolation.Sample.Blazor\Markupolation.Sample.Blazor.csproj", "{4E9655FC-F2A1-473B-9EA0-E2BA209DE7B4}"
EndProject
Project("{FAE04EC0-301F-11D3-BF4B-00C04F79EFBC}") = "Markupolation.Sample.Examples", "samples\Markupolation.Sample.Examples\Markupolation.Sample.Examples.csproj", "{A33A4AEA-F84B-447E-90EB-E1A15E83CFA7}"
EndProject
Project("{FAE04EC0-301F-11D3-BF4B-00C04F79EFBC}") = "Markupolation.Extensions", "src\Markupolation.Extensions\Markupolation.Extensions.csproj", "{177C7FC9-DF2E-4B41-B512-7E4A9E2B4FDD}"
EndProject
Global
	GlobalSection(SolutionConfigurationPlatforms) = preSolution
		Debug|Any CPU = Debug|Any CPU
		Release|Any CPU = Release|Any CPU
	EndGlobalSection
	GlobalSection(ProjectConfigurationPlatforms) = postSolution
		{DF2632D5-153A-46C5-B81C-C0B11099141C}.Debug|Any CPU.ActiveCfg = Debug|Any CPU
		{DF2632D5-153A-46C5-B81C-C0B11099141C}.Debug|Any CPU.Build.0 = Debug|Any CPU
		{DF2632D5-153A-46C5-B81C-C0B11099141C}.Release|Any CPU.ActiveCfg = Release|Any CPU
		{DF2632D5-153A-46C5-B81C-C0B11099141C}.Release|Any CPU.Build.0 = Release|Any CPU
		{F86DE17B-2C5F-4674-8D25-FF03BDA31CF8}.Debug|Any CPU.ActiveCfg = Debug|Any CPU
		{F86DE17B-2C5F-4674-8D25-FF03BDA31CF8}.Debug|Any CPU.Build.0 = Debug|Any CPU
		{F86DE17B-2C5F-4674-8D25-FF03BDA31CF8}.Release|Any CPU.ActiveCfg = Release|Any CPU
		{F86DE17B-2C5F-4674-8D25-FF03BDA31CF8}.Release|Any CPU.Build.0 = Release|Any CPU
		{A2D9F6F7-726F-46F3-8943-74350B0B8B9A}.Debug|Any CPU.ActiveCfg = Debug|Any CPU
		{A2D9F6F7-726F-46F3-8943-74350B0B8B9A}.Debug|Any CPU.Build.0 = Debug|Any CPU
		{A2D9F6F7-726F-46F3-8943-74350B0B8B9A}.Release|Any CPU.ActiveCfg = Release|Any CPU
		{A2D9F6F7-726F-46F3-8943-74350B0B8B9A}.Release|Any CPU.Build.0 = Release|Any CPU
		{E052E3D6-61F7-41B3-B40D-5152E547EE1A}.Debug|Any CPU.ActiveCfg = Debug|Any CPU
		{E052E3D6-61F7-41B3-B40D-5152E547EE1A}.Debug|Any CPU.Build.0 = Debug|Any CPU
		{E052E3D6-61F7-41B3-B40D-5152E547EE1A}.Release|Any CPU.ActiveCfg = Release|Any CPU
		{E052E3D6-61F7-41B3-B40D-5152E547EE1A}.Release|Any CPU.Build.0 = Release|Any CPU
		{04682422-C87F-4E2A-982C-E771A6823312}.Debug|Any CPU.ActiveCfg = Debug|Any CPU
		{04682422-C87F-4E2A-982C-E771A6823312}.Debug|Any CPU.Build.0 = Debug|Any CPU
		{04682422-C87F-4E2A-982C-E771A6823312}.Release|Any CPU.ActiveCfg = Release|Any CPU
		{04682422-C87F-4E2A-982C-E771A6823312}.Release|Any CPU.Build.0 = Release|Any CPU
		{4E9655FC-F2A1-473B-9EA0-E2BA209DE7B4}.Debug|Any CPU.ActiveCfg = Debug|Any CPU
		{4E9655FC-F2A1-473B-9EA0-E2BA209DE7B4}.Debug|Any CPU.Build.0 = Debug|Any CPU
		{4E9655FC-F2A1-473B-9EA0-E2BA209DE7B4}.Release|Any CPU.ActiveCfg = Release|Any CPU
		{4E9655FC-F2A1-473B-9EA0-E2BA209DE7B4}.Release|Any CPU.Build.0 = Release|Any CPU
		{A33A4AEA-F84B-447E-90EB-E1A15E83CFA7}.Debug|Any CPU.ActiveCfg = Debug|Any CPU
		{A33A4AEA-F84B-447E-90EB-E1A15E83CFA7}.Debug|Any CPU.Build.0 = Debug|Any CPU
		{A33A4AEA-F84B-447E-90EB-E1A15E83CFA7}.Release|Any CPU.ActiveCfg = Release|Any CPU
		{A33A4AEA-F84B-447E-90EB-E1A15E83CFA7}.Release|Any CPU.Build.0 = Release|Any CPU
		{177C7FC9-DF2E-4B41-B512-7E4A9E2B4FDD}.Debug|Any CPU.ActiveCfg = Debug|Any CPU
		{177C7FC9-DF2E-4B41-B512-7E4A9E2B4FDD}.Debug|Any CPU.Build.0 = Debug|Any CPU
		{177C7FC9-DF2E-4B41-B512-7E4A9E2B4FDD}.Release|Any CPU.ActiveCfg = Release|Any CPU
		{177C7FC9-DF2E-4B41-B512-7E4A9E2B4FDD}.Release|Any CPU.Build.0 = Release|Any CPU
	EndGlobalSection
	GlobalSection(SolutionProperties) = preSolution
		HideSolutionNode = FALSE
	EndGlobalSection
	GlobalSection(NestedProjects) = preSolution
		{DF2632D5-153A-46C5-B81C-C0B11099141C} = {8259CAB8-AA6E-412B-A632-5F17DAEB0761}
		{F86DE17B-2C5F-4674-8D25-FF03BDA31CF8} = {950F23E7-76D3-44CA-B730-4F4D0C35E32B}
		{A2D9F6F7-726F-46F3-8943-74350B0B8B9A} = {950F23E7-76D3-44CA-B730-4F4D0C35E32B}
		{E052E3D6-61F7-41B3-B40D-5152E547EE1A} = {FD331EA4-9F0D-4DD3-BDE0-F5A14DBFB42D}
		{04682422-C87F-4E2A-982C-E771A6823312} = {FD331EA4-9F0D-4DD3-BDE0-F5A14DBFB42D}
		{4E9655FC-F2A1-473B-9EA0-E2BA209DE7B4} = {FD331EA4-9F0D-4DD3-BDE0-F5A14DBFB42D}
		{A33A4AEA-F84B-447E-90EB-E1A15E83CFA7} = {FD331EA4-9F0D-4DD3-BDE0-F5A14DBFB42D}
		{177C7FC9-DF2E-4B41-B512-7E4A9E2B4FDD} = {8259CAB8-AA6E-412B-A632-5F17DAEB0761}
	EndGlobalSection
	GlobalSection(ExtensibilityGlobals) = postSolution
		SolutionGuid = {07E18CD0-C1C9-41F1-A41D-7E9721A2B045}
	EndGlobalSection
EndGlobal
